<?xml version="1.0" encoding="utf-8"?>
<Project ToolsVersion="4.0" xmlns="http://schemas.microsoft.com/developer/msbuild/2003">
  <ItemGroup>
    <Filter Include="Source Files">
      <UniqueIdentifier>{4FC737F1-C7A5-4376-A066-2A32D752A2FF}</UniqueIdentifier>
      <Extensions>cpp;c;cc;cxx;def;odl;idl;hpj;bat;asm;asmx</Extensions>
    </Filter>
    <Filter Include="Header Files">
      <UniqueIdentifier>{93995380-89BD-4b04-88EB-625FBE52EBFB}</UniqueIdentifier>
      <Extensions>h;hpp;hxx;hm;inl;inc;xsd</Extensions>
    </Filter>
    <Filter Include="Resource Files">
      <UniqueIdentifier>{67DA6AB6-F800-4c08-8B7A-83BB121AAD01}</UniqueIdentifier>
      <Extensions>rc;ico;cur;bmp;dlg;rc2;rct;bin;rgs;gif;jpg;jpeg;jpe;resx;tiff;tif;png;wav</Extensions>
    </Filter>
  </ItemGroup>
  <ItemGroup>
    <ClCompile Include="..\main.cpp">
      <Filter>Source Files</Filter>
    </ClCompile>
    <ClCompile Include="..\buildables.cpp">
      <Filter>Source Files</Filter>
    </ClCompile>
    <ClCompile Include="..\skills.cpp">
      <Filter>Source Files</Filter>
    </ClCompile>
    <ClCompile Include="..\hookfuncs.cpp">
      <Filter>Source Files</Filter>
    </ClCompile>
    <ClCompile Include="..\lmdfuncs.cpp">
      <Filter>Source Files</Filter>
    </ClCompile>
    <ClCompile Include="..\cmds.cpp">
      <Filter>Source Files</Filter>
    </ClCompile>
    <ClCompile Include="..\entities.cpp">
      <Filter>Source Files</Filter>
    </ClCompile>
  </ItemGroup>
  <ItemGroup>
    <ResourceCompile Include="Base for plugin.rc">
      <Filter>Resource Files</Filter>
    </ResourceCompile>
  </ItemGroup>
  <ItemGroup>
    <ClInclude Include="..\jka\game\jassapi.h">
      <Filter>Header Files</Filter>
    </ClInclude>
    <ClInclude Include="..\jka\game\match.h">
      <Filter>Header Files</Filter>
    </ClInclude>
    <ClInclude Include="..\jka\game\npc_headers.h">
      <Filter>Header Files</Filter>
    </ClInclude>
    <ClInclude Include="..\jka\game\q_shared.h">
      <Filter>Header Files</Filter>
    </ClInclude>
    <ClInclude Include="..\jka\game\say.h">
      <Filter>Header Files</Filter>
    </ClInclude>
    <ClInclude Include="..\jka\game\surfaceflags.h">
      <Filter>Header Files</Filter>
    </ClInclude>
    <ClInclude Include="..\jka\game\syn.h">
      <Filter>Header Files</Filter>
    </ClInclude>
    <ClInclude Include="..\jka\game\teams.h">
      <Filter>Header Files</Filter>
    </ClInclude>
    <ClInclude Include="..\jka\game\w_saber.h">
      <Filter>Header Files</Filter>
    </ClInclude>
    <ClInclude Include="..\jka\game\ai.h">
      <Filter>Header Files</Filter>
    </ClInclude>
    <ClInclude Include="..\jka\game\ai_main.h">
      <Filter>Header Files</Filter>
    </ClInclude>
    <ClInclude Include="..\jka\game\anims.h">
      <Filter>Header Files</Filter>
    </ClInclude>
    <ClInclude Include="..\jka\game\b_local.h">
      <Filter>Header Files</Filter>
    </ClInclude>
    <ClInclude Include="..\jka\game\b_public.h">
      <Filter>Header Files</Filter>
    </ClInclude>
    <ClInclude Include="..\jka\game\be_aas.h">
      <Filter>Header Files</Filter>
    </ClInclude>
    <ClInclude Include="..\jka\game\be_ai_char.h">
      <Filter>Header Files</Filter>
    </ClInclude>
    <ClInclude Include="..\jka\game\be_ai_chat.h">
      <Filter>Header Files</Filter>
    </ClInclude>
    <ClInclude Include="..\jka\game\be_ai_gen.h">
      <Filter>Header Files</Filter>
    </ClInclude>
    <ClInclude Include="..\jka\game\be_ai_goal.h">
      <Filter>Header Files</Filter>
    </ClInclude>
    <ClInclude Include="..\jka\game\be_ai_move.h">
      <Filter>Header Files</Filter>
    </ClInclude>
    <ClInclude Include="..\jka\game\be_ai_weap.h">
      <Filter>Header Files</Filter>
    </ClInclude>
    <ClInclude Include="..\jka\game\be_ea.h">
      <Filter>Header Files</Filter>
    </ClInclude>
    <ClInclude Include="..\jka\game\bg_lib.h">
      <Filter>Header Files</Filter>
    </ClInclude>
    <ClInclude Include="..\jka\game\bg_local.h">
      <Filter>Header Files</Filter>
    </ClInclude>
    <ClInclude Include="..\jka\game\bg_public.h">
      <Filter>Header Files</Filter>
    </ClInclude>
    <ClInclude Include="..\jka\game\bg_saga.h">
      <Filter>Header Files</Filter>
    </ClInclude>
    <ClInclude Include="..\jka\game\bg_strap.h">
      <Filter>Header Files</Filter>
    </ClInclude>
    <ClInclude Include="..\jka\game\bg_vehicles.h">
      <Filter>Header Files</Filter>
    </ClInclude>
    <ClInclude Include="..\jka\game\bg_weapons.h">
      <Filter>Header Files</Filter>
    </ClInclude>
    <ClInclude Include="..\jka\game\botlib.h">
      <Filter>Header Files</Filter>
    </ClInclude>
    <ClInclude Include="..\jka\game\chars.h">
      <Filter>Header Files</Filter>
    </ClInclude>
    <ClInclude Include="..\jka\game\g_headers.h">
      <Filter>Header Files</Filter>
    </ClInclude>
    <ClInclude Include="..\jka\game\g_ICARUScb.h">
      <Filter>Header Files</Filter>
    </ClInclude>
    <ClInclude Include="..\jka\game\g_nav.h">
      <Filter>Header Files</Filter>
    </ClInclude>
    <ClInclude Include="..\jka\game\g_public.h">
      <Filter>Header Files</Filter>
    </ClInclude>
    <ClInclude Include="..\jka\game\g_team.h">
      <Filter>Header Files</Filter>
    </ClInclude>
    <ClInclude Include="..\jka\game\inv.h">
      <Filter>Header Files</Filter>
    </ClInclude>
    <ClInclude Include="..\jka\game\g_local.h">
      <Filter>Header Files</Filter>
    </ClInclude>
    <ClInclude Include="..\lmdaddr.h">
      <Filter>Header Files</Filter>
    </ClInclude>
    <ClInclude Include="..\lmdfuncs.h">
      <Filter>Header Files</Filter>
    </ClInclude>
    <ClInclude Include="..\starstructs.h">
      <Filter>Header Files</Filter>
    </ClInclude>
    <ClInclude Include="..\hookfuncs.h">
      <Filter>Header Files</Filter>
    </ClInclude>
    <ClInclude Include="..\skills.h">
      <Filter>Header Files</Filter>
    </ClInclude>
    <ClInclude Include="..\buildables.h">
      <Filter>Header Files</Filter>
    </ClInclude>
    <ClInclude Include="..\entities.h">
      <Filter>Header Files</Filter>
    </ClInclude>
  </ItemGroup>
</Project>